
Microsoft Visual Studio Solution File, Format Version 12.00
# Visual Studio Version 17
VisualStudioVersion = 17.14.36511.14 d17.14
MinimumVisualStudioVersion = 10.0.40219.1
Project("{FAE04EC0-301F-11D3-BF4B-00C04F79EFBC}") = "PurrfectBlog", "PurrfectBlog.csproj", "{6AE54F73-0B11-4168-9DD0-56A9BDA0F947}"
EndProject
Global
	GlobalSection(SolutionConfigurationPlatforms) = preSolution
		Debug|Any CPU = Debug|Any CPU
		Release|Any CPU = Release|Any CPU
	EndGlobalSection
	GlobalSection(ProjectConfigurationPlatforms) = postSolution
		{6AE54F73-0B11-4168-9DD0-56A9BDA0F947}.Debug|Any CPU.ActiveCfg = Debug|Any CPU
		{6AE54F73-0B11-4168-9DD0-56A9BDA0F947}.Debug|Any CPU.Build.0 = Debug|Any CPU
		{6AE54F73-0B11-4168-9DD0-56A9BDA0F947}.Release|Any CPU.ActiveCfg = Release|Any CPU
		{6AE54F73-0B11-4168-9DD0-56A9BDA0F947}.Release|Any CPU.Build.0 = Release|Any CPU
	EndGlobalSection
	GlobalSection(SolutionProperties) = preSolution
		HideSolutionNode = FALSE
	EndGlobalSection
	GlobalSection(ExtensibilityGlobals) = postSolution
		SolutionGuid = {D8AAF7E5-37F2-4617-9AF8-5F7324B5347A}
	EndGlobalSection
EndGlobal
